github.com/codegangsta/negroni #1dd3ab0ff59e13f5b73dcbf70703710aebe50d2f
github.com/gorilla/context #215affda49addc4c8ef7e2534915df2c8c35c6cd
github.com/gorilla/mux #e444e69cbd2e2e3e0749a2f3c717cec491552bbf
github.com/jinzhu/gorm #3500dfa1b613500a01a4798d8d17fb4d13d90ad4
github.com/joho/godotenv #ead2e75027bf1a3f6457e28d9eb3c2fa05109d2b
github.com/lib/pq #19eeca3e30d2577b1761db471ec130810e67f532
